
Microsoft Visual Studio Solution File, Format Version 12.00
# Visual Studio 14
VisualStudioVersion = 14.0.25420.1
MinimumVisualStudioVersion = 10.0.40219.1
Project("{FAE04EC0-301F-11D3-BF4B-00C04F79EFBC}") = "LawBringer", "LawBringer\LawBringer.csproj", "{0113C1BE-A836-4ECA-A476-DE0B60C659B0}"
EndProject
Project("{FAE04EC0-301F-11D3-BF4B-00C04F79EFBC}") = "LawBringer.Models", "LawBringer.Models\LawBringer.Models.csproj", "{B3EF68D0-913C-4B9B-9EA5-FCF5770FF62B}"
EndProject
Global
	GlobalSection(SolutionConfigurationPlatforms) = preSolution
		Debug|Any CPU = Debug|Any CPU
		Release|Any CPU = Release|Any CPU
	EndGlobalSection
	GlobalSection(ProjectConfigurationPlatforms) = postSolution
		{0113C1BE-A836-4ECA-A476-DE0B60C659B0}.Debug|Any CPU.ActiveCfg = Debug|Any CPU
		{0113C1BE-A836-4ECA-A476-DE0B60C659B0}.Debug|Any CPU.Build.0 = Debug|Any CPU
		{0113C1BE-A836-4ECA-A476-DE0B60C659B0}.Release|Any CPU.ActiveCfg = Release|Any CPU
		{0113C1BE-A836-4ECA-A476-DE0B60C659B0}.Release|Any CPU.Build.0 = Release|Any CPU
		{B3EF68D0-913C-4B9B-9EA5-FCF5770FF62B}.Debug|Any CPU.ActiveCfg = Debug|Any CPU
		{B3EF68D0-913C-4B9B-9EA5-FCF5770FF62B}.Debug|Any CPU.Build.0 = Debug|Any CPU
		{B3EF68D0-913C-4B9B-9EA5-FCF5770FF62B}.Release|Any CPU.ActiveCfg = Release|Any CPU
		{B3EF68D0-913C-4B9B-9EA5-FCF5770FF62B}.Release|Any CPU.Build.0 = Release|Any CPU
	EndGlobalSection
	GlobalSection(SolutionProperties) = preSolution
		HideSolutionNode = FALSE
	EndGlobalSection
EndGlobal
